
Microsoft Visual Studio Solution File, Format Version 12.00
# Visual Studio Version 17
VisualStudioVersion = 17.4.33122.133
MinimumVisualStudioVersion = 10.0.40219.1
Project("{FAE04EC0-301F-11D3-BF4B-00C04F79EFBC}") = "RegularExpressionDay19", "RegularExpressionDay19\RegularExpressionDay19.csproj", "{37C0139F-2AF9-480B-A468-FD018ABDC066}"
EndProject
Global
	GlobalSection(SolutionConfigurationPlatforms) = preSolution
		Debug|Any CPU = Debug|Any CPU
		Release|Any CPU = Release|Any CPU
	EndGlobalSection
	GlobalSection(ProjectConfigurationPlatforms) = postSolution
		{37C0139F-2AF9-480B-A468-FD018ABDC066}.Debug|Any CPU.ActiveCfg = Debug|Any CPU
		{37C0139F-2AF9-480B-A468-FD018ABDC066}.Debug|Any CPU.Build.0 = Debug|Any CPU
		{37C0139F-2AF9-480B-A468-FD018ABDC066}.Release|Any CPU.ActiveCfg = Release|Any CPU
		{37C0139F-2AF9-480B-A468-FD018ABDC066}.Release|Any CPU.Build.0 = Release|Any CPU
	EndGlobalSection
	GlobalSection(SolutionProperties) = preSolution
		HideSolutionNode = FALSE
	EndGlobalSection
	GlobalSection(ExtensibilityGlobals) = postSolution
		SolutionGuid = {95BDEB62-FB5B-43CE-9272-F9618D1CA345}
	EndGlobalSection
EndGlobal
